
Microsoft Visual Studio Solution File, Format Version 12.00
# Visual Studio Version 16
VisualStudioVersion = 16.0.29306.81
MinimumVisualStudioVersion = 10.0.40219.1
Project("{9A19103F-16F7-4668-BE54-9A1E7A4F7556}") = "ClassLibrary", "ClassLibrary\ClassLibrary.csproj", "{68DCEA9D-2012-4E55-BC6C-7F5B0A18C7D5}"
EndProject
Project("{9A19103F-16F7-4668-BE54-9A1E7A4F7556}") = "ClassLibaryTest", "ClassLibaryTest\ClassLibaryTest.csproj", "{1CF1C1B2-ECDA-491F-A4A2-62D621995ABE}"
EndProject
Project("{FAE04EC0-301F-11D3-BF4B-00C04F79EFBC}") = "Storebæltsbroen", "Storebæltsbroen\Storebæltsbroen.csproj", "{F8CF51A0-B7AF-4D23-91A6-C73A93CF5B57}"
EndProject
Global
	GlobalSection(SolutionConfigurationPlatforms) = preSolution
		Debug|Any CPU = Debug|Any CPU
		Release|Any CPU = Release|Any CPU
	EndGlobalSection
	GlobalSection(ProjectConfigurationPlatforms) = postSolution
		{68DCEA9D-2012-4E55-BC6C-7F5B0A18C7D5}.Debug|Any CPU.ActiveCfg = Debug|Any CPU
		{68DCEA9D-2012-4E55-BC6C-7F5B0A18C7D5}.Debug|Any CPU.Build.0 = Debug|Any CPU
		{68DCEA9D-2012-4E55-BC6C-7F5B0A18C7D5}.Release|Any CPU.ActiveCfg = Release|Any CPU
		{68DCEA9D-2012-4E55-BC6C-7F5B0A18C7D5}.Release|Any CPU.Build.0 = Release|Any CPU
		{1CF1C1B2-ECDA-491F-A4A2-62D621995ABE}.Debug|Any CPU.ActiveCfg = Debug|Any CPU
		{1CF1C1B2-ECDA-491F-A4A2-62D621995ABE}.Debug|Any CPU.Build.0 = Debug|Any CPU
		{1CF1C1B2-ECDA-491F-A4A2-62D621995ABE}.Release|Any CPU.ActiveCfg = Release|Any CPU
		{1CF1C1B2-ECDA-491F-A4A2-62D621995ABE}.Release|Any CPU.Build.0 = Release|Any CPU
		{F8CF51A0-B7AF-4D23-91A6-C73A93CF5B57}.Debug|Any CPU.ActiveCfg = Debug|Any CPU
		{F8CF51A0-B7AF-4D23-91A6-C73A93CF5B57}.Debug|Any CPU.Build.0 = Debug|Any CPU
		{F8CF51A0-B7AF-4D23-91A6-C73A93CF5B57}.Release|Any CPU.ActiveCfg = Release|Any CPU
		{F8CF51A0-B7AF-4D23-91A6-C73A93CF5B57}.Release|Any CPU.Build.0 = Release|Any CPU
	EndGlobalSection
	GlobalSection(SolutionProperties) = preSolution
		HideSolutionNode = FALSE
	EndGlobalSection
	GlobalSection(ExtensibilityGlobals) = postSolution
		SolutionGuid = {DB369C67-9400-4357-8DE2-2A4EE9D05B4E}
	EndGlobalSection
EndGlobal
